
Microsoft Visual Studio Solution File, Format Version 12.00
# Visual Studio Version 16
VisualStudioVersion = 16.0.29318.209
MinimumVisualStudioVersion = 10.0.40219.1
Project("{FAE04EC0-301F-11D3-BF4B-00C04F79EFBC}") = "CaddProject", "CaddProject\CaddProject.csproj", "{5BDDA788-8596-4925-8A94-F9A2188CC4DF}"
EndProject
Project("{FAE04EC0-301F-11D3-BF4B-00C04F79EFBC}") = "CaddProject.Tests", "CaddProject.Tests\CaddProject.Tests.csproj", "{BA554CEC-FE1C-42BB-B606-01FD447E88AB}"
EndProject
Global
	GlobalSection(SolutionConfigurationPlatforms) = preSolution
		Debug|Any CPU = Debug|Any CPU
		Release|Any CPU = Release|Any CPU
	EndGlobalSection
	GlobalSection(ProjectConfigurationPlatforms) = postSolution
		{5BDDA788-8596-4925-8A94-F9A2188CC4DF}.Debug|Any CPU.ActiveCfg = Debug|Any CPU
		{5BDDA788-8596-4925-8A94-F9A2188CC4DF}.Debug|Any CPU.Build.0 = Debug|Any CPU
		{5BDDA788-8596-4925-8A94-F9A2188CC4DF}.Release|Any CPU.ActiveCfg = Release|Any CPU
		{5BDDA788-8596-4925-8A94-F9A2188CC4DF}.Release|Any CPU.Build.0 = Release|Any CPU
		{BA554CEC-FE1C-42BB-B606-01FD447E88AB}.Debug|Any CPU.ActiveCfg = Debug|Any CPU
		{BA554CEC-FE1C-42BB-B606-01FD447E88AB}.Debug|Any CPU.Build.0 = Debug|Any CPU
		{BA554CEC-FE1C-42BB-B606-01FD447E88AB}.Release|Any CPU.ActiveCfg = Release|Any CPU
		{BA554CEC-FE1C-42BB-B606-01FD447E88AB}.Release|Any CPU.Build.0 = Release|Any CPU
	EndGlobalSection
	GlobalSection(SolutionProperties) = preSolution
		HideSolutionNode = FALSE
	EndGlobalSection
	GlobalSection(ExtensibilityGlobals) = postSolution
		SolutionGuid = {67C8621E-5660-4F73-9333-B16F599DBFAA}
	EndGlobalSection
EndGlobal
